{
  "name": "playground",
  "lockfileVersion": 3,
  "requires": true,
  "packages": {
    "": {
      "dependencies": {
        "interval-tree-1d": "^1.0.4"
      }
    },
    "node_modules/binary-search-bounds": {
      "version": "2.0.5",
      "resolved": "https://registry.npmjs.org/binary-search-bounds/-/binary-search-bounds-2.0.5.tgz",
      "integrity": "sha512-H0ea4Fd3lS1+sTEB2TgcLoK21lLhwEJzlQv3IN47pJS976Gx4zoWe0ak3q+uYh60ppQxg9F16Ri4tS1sfD4+jA==",
      "license": "MIT"
    },
    "node_modules/interval-tree-1d": {
      "version": "1.0.4",
      "resolved": "https://registry.npmjs.org/interval-tree-1d/-/interval-tree-1d-1.0.4.tgz",
      "integrity": "sha512-wY8QJH+6wNI0uh4pDQzMvl+478Qh7Rl4qLmqiluxALlNvl+I+o5x38Pw3/z7mDPTPS1dQalZJXsmbvxx5gclhQ==",
      "license": "MIT",
      "dependencies": {
        "binary-search-bounds": "^2.0.0"
      }
    }
  }
}
